
Microsoft Visual Studio Solution File, Format Version 12.00
# Visual Studio Version 17
VisualStudioVersion = 17.7.34024.191
MinimumVisualStudioVersion = 10.0.40219.1
Project("{9A19103F-16F7-4668-BE54-9A1E7A4F7556}") = "CRMCar", "CRMCar\CRMCar.csproj", "{831B6474-FED7-43B6-A56D-A0F5D37F19EF}"
EndProject
Project("{9A19103F-16F7-4668-BE54-9A1E7A4F7556}") = "EmailProject", "EmailProject\EmailProject.csproj", "{3D84020D-6599-4F09-91BF-31872BF49A85}"
EndProject
Project("{9A19103F-16F7-4668-BE54-9A1E7A4F7556}") = "AuthPractice", "AuthenticationAndAuthorization\AuthPractice.csproj", "{0190C825-52B2-4BB8-9487-76495C2FCDAC}"
EndProject
Global
	GlobalSection(SolutionConfigurationPlatforms) = preSolution
		Debug|Any CPU = Debug|Any CPU
		Release|Any CPU = Release|Any CPU
	EndGlobalSection
	GlobalSection(ProjectConfigurationPlatforms) = postSolution
		{831B6474-FED7-43B6-A56D-A0F5D37F19EF}.Debug|Any CPU.ActiveCfg = Debug|Any CPU
		{831B6474-FED7-43B6-A56D-A0F5D37F19EF}.Debug|Any CPU.Build.0 = Debug|Any CPU
		{831B6474-FED7-43B6-A56D-A0F5D37F19EF}.Release|Any CPU.ActiveCfg = Release|Any CPU
		{831B6474-FED7-43B6-A56D-A0F5D37F19EF}.Release|Any CPU.Build.0 = Release|Any CPU
		{3D84020D-6599-4F09-91BF-31872BF49A85}.Debug|Any CPU.ActiveCfg = Debug|Any CPU
		{3D84020D-6599-4F09-91BF-31872BF49A85}.Debug|Any CPU.Build.0 = Debug|Any CPU
		{3D84020D-6599-4F09-91BF-31872BF49A85}.Release|Any CPU.ActiveCfg = Release|Any CPU
		{3D84020D-6599-4F09-91BF-31872BF49A85}.Release|Any CPU.Build.0 = Release|Any CPU
		{0190C825-52B2-4BB8-9487-76495C2FCDAC}.Debug|Any CPU.ActiveCfg = Debug|Any CPU
		{0190C825-52B2-4BB8-9487-76495C2FCDAC}.Debug|Any CPU.Build.0 = Debug|Any CPU
		{0190C825-52B2-4BB8-9487-76495C2FCDAC}.Release|Any CPU.ActiveCfg = Release|Any CPU
		{0190C825-52B2-4BB8-9487-76495C2FCDAC}.Release|Any CPU.Build.0 = Release|Any CPU
	EndGlobalSection
	GlobalSection(SolutionProperties) = preSolution
		HideSolutionNode = FALSE
	EndGlobalSection
	GlobalSection(ExtensibilityGlobals) = postSolution
		SolutionGuid = {8867D150-363E-4026-A003-68EBDFB74AF0}
	EndGlobalSection
EndGlobal
